
Microsoft Visual Studio Solution File, Format Version 12.00
# Visual Studio Version 17
VisualStudioVersion = 17.13.36105.23 d17.13
MinimumVisualStudioVersion = 10.0.40219.1
Project("{FAE04EC0-301F-11D3-BF4B-00C04F79EFBC}") = "HttpPostExperiment", "HttpPostExperiment.csproj", "{61031C91-ED7C-4619-97CF-AE18A1A7BBEB}"
EndProject
Project("{FAE04EC0-301F-11D3-BF4B-00C04F79EFBC}") = "HttpTriggerPostExperimentTests", "..\HttpTriggerPostExperimentTests\HttpTriggerPostExperimentTests.csproj", "{897E1F75-56F6-498C-BEB7-6D3AEE7B3A0E}"
EndProject
Global
	GlobalSection(SolutionConfigurationPlatforms) = preSolution
		Debug|Any CPU = Debug|Any CPU
		Release|Any CPU = Release|Any CPU
	EndGlobalSection
	GlobalSection(ProjectConfigurationPlatforms) = postSolution
		{61031C91-ED7C-4619-97CF-AE18A1A7BBEB}.Debug|Any CPU.ActiveCfg = Debug|Any CPU
		{61031C91-ED7C-4619-97CF-AE18A1A7BBEB}.Debug|Any CPU.Build.0 = Debug|Any CPU
		{61031C91-ED7C-4619-97CF-AE18A1A7BBEB}.Release|Any CPU.ActiveCfg = Release|Any CPU
		{61031C91-ED7C-4619-97CF-AE18A1A7BBEB}.Release|Any CPU.Build.0 = Release|Any CPU
		{897E1F75-56F6-498C-BEB7-6D3AEE7B3A0E}.Debug|Any CPU.ActiveCfg = Debug|Any CPU
		{897E1F75-56F6-498C-BEB7-6D3AEE7B3A0E}.Debug|Any CPU.Build.0 = Debug|Any CPU
		{897E1F75-56F6-498C-BEB7-6D3AEE7B3A0E}.Release|Any CPU.ActiveCfg = Release|Any CPU
		{897E1F75-56F6-498C-BEB7-6D3AEE7B3A0E}.Release|Any CPU.Build.0 = Release|Any CPU
	EndGlobalSection
	GlobalSection(SolutionProperties) = preSolution
		HideSolutionNode = FALSE
	EndGlobalSection
	GlobalSection(ExtensibilityGlobals) = postSolution
		SolutionGuid = {ED7B6AE6-0566-44D3-AF85-3C42CEE8D9E0}
	EndGlobalSection
EndGlobal
